
Microsoft Visual Studio Solution File, Format Version 12.00
Project("{FAE04EC0-301F-11D3-BF4B-00C04F79EFBC}") = "ShiftLoggerApi", "ShiftLoggerApi\ShiftLoggerApi.csproj", "{BECA252C-7F1C-4D33-99AD-02B8A82F0029}"
EndProject
Global
	GlobalSection(SolutionConfigurationPlatforms) = preSolution
		Debug|Any CPU = Debug|Any CPU
		Release|Any CPU = Release|Any CPU
	EndGlobalSection
	GlobalSection(ProjectConfigurationPlatforms) = postSolution
		{BECA252C-7F1C-4D33-99AD-02B8A82F0029}.Debug|Any CPU.ActiveCfg = Debug|Any CPU
		{BECA252C-7F1C-4D33-99AD-02B8A82F0029}.Debug|Any CPU.Build.0 = Debug|Any CPU
		{BECA252C-7F1C-4D33-99AD-02B8A82F0029}.Release|Any CPU.ActiveCfg = Release|Any CPU
		{BECA252C-7F1C-4D33-99AD-02B8A82F0029}.Release|Any CPU.Build.0 = Release|Any CPU
	EndGlobalSection
EndGlobal
